
Microsoft Visual Studio Solution File, Format Version 12.00
# Visual Studio 15
VisualStudioVersion = 15.0.27130.2003
MinimumVisualStudioVersion = 10.0.40219.1
Project("{FAE04EC0-301F-11D3-BF4B-00C04F79EFBC}") = "Cementerio.AngularUI", "Cementerio.AngularUI\Cementerio.AngularUI.csproj", "{B039593B-C9E4-420D-880F-C864DC6AB634}"
EndProject
Global
	GlobalSection(SolutionConfigurationPlatforms) = preSolution
		Debug|Any CPU = Debug|Any CPU
		Release|Any CPU = Release|Any CPU
	EndGlobalSection
	GlobalSection(ProjectConfigurationPlatforms) = postSolution
		{B039593B-C9E4-420D-880F-C864DC6AB634}.Debug|Any CPU.ActiveCfg = Debug|Any CPU
		{B039593B-C9E4-420D-880F-C864DC6AB634}.Debug|Any CPU.Build.0 = Debug|Any CPU
		{B039593B-C9E4-420D-880F-C864DC6AB634}.Release|Any CPU.ActiveCfg = Release|Any CPU
		{B039593B-C9E4-420D-880F-C864DC6AB634}.Release|Any CPU.Build.0 = Release|Any CPU
	EndGlobalSection
	GlobalSection(SolutionProperties) = preSolution
		HideSolutionNode = FALSE
	EndGlobalSection
	GlobalSection(ExtensibilityGlobals) = postSolution
		SolutionGuid = {C962B3EB-1CB4-4456-B17B-87E4A274A05B}
	EndGlobalSection
EndGlobal
